
Microsoft Visual Studio Solution File, Format Version 12.00
# Visual Studio 15
VisualStudioVersion = 15.0.27428.2037
MinimumVisualStudioVersion = 10.0.40219.1
Project("{9A19103F-16F7-4668-BE54-9A1E7A4F7556}") = "UnitTests", "UnitTests\UnitTests.csproj", "{926DA07F-1B0D-4A35-BC20-5168ABA36291}"
EndProject
Project("{9A19103F-16F7-4668-BE54-9A1E7A4F7556}") = "OspreyStore", "OspreyStore\OspreyStore.csproj", "{3BAE64B2-A6AC-46C6-A551-9BB0C540C2CA}"
EndProject
Project("{9A19103F-16F7-4668-BE54-9A1E7A4F7556}") = "ApplicationCore", "ApplicationCore\ApplicationCore.csproj", "{8A94D84A-4B1C-41E6-8365-40A4FD883AA0}"
EndProject
Project("{9A19103F-16F7-4668-BE54-9A1E7A4F7556}") = "Infrastructure", "Infrastructure\Infrastructure.csproj", "{82BDD8A3-25CC-46C7-BBC9-AE53B637BA30}"
EndProject
Global
	GlobalSection(SolutionConfigurationPlatforms) = preSolution
		Debug|Any CPU = Debug|Any CPU
		Release|Any CPU = Release|Any CPU
	EndGlobalSection
	GlobalSection(ProjectConfigurationPlatforms) = postSolution
		{926DA07F-1B0D-4A35-BC20-5168ABA36291}.Debug|Any CPU.ActiveCfg = Debug|Any CPU
		{926DA07F-1B0D-4A35-BC20-5168ABA36291}.Debug|Any CPU.Build.0 = Debug|Any CPU
		{926DA07F-1B0D-4A35-BC20-5168ABA36291}.Release|Any CPU.ActiveCfg = Release|Any CPU
		{926DA07F-1B0D-4A35-BC20-5168ABA36291}.Release|Any CPU.Build.0 = Release|Any CPU
		{3BAE64B2-A6AC-46C6-A551-9BB0C540C2CA}.Debug|Any CPU.ActiveCfg = Debug|Any CPU
		{3BAE64B2-A6AC-46C6-A551-9BB0C540C2CA}.Debug|Any CPU.Build.0 = Debug|Any CPU
		{3BAE64B2-A6AC-46C6-A551-9BB0C540C2CA}.Release|Any CPU.ActiveCfg = Release|Any CPU
		{3BAE64B2-A6AC-46C6-A551-9BB0C540C2CA}.Release|Any CPU.Build.0 = Release|Any CPU
		{8A94D84A-4B1C-41E6-8365-40A4FD883AA0}.Debug|Any CPU.ActiveCfg = Debug|Any CPU
		{8A94D84A-4B1C-41E6-8365-40A4FD883AA0}.Debug|Any CPU.Build.0 = Debug|Any CPU
		{8A94D84A-4B1C-41E6-8365-40A4FD883AA0}.Release|Any CPU.ActiveCfg = Release|Any CPU
		{8A94D84A-4B1C-41E6-8365-40A4FD883AA0}.Release|Any CPU.Build.0 = Release|Any CPU
		{82BDD8A3-25CC-46C7-BBC9-AE53B637BA30}.Debug|Any CPU.ActiveCfg = Debug|Any CPU
		{82BDD8A3-25CC-46C7-BBC9-AE53B637BA30}.Debug|Any CPU.Build.0 = Debug|Any CPU
		{82BDD8A3-25CC-46C7-BBC9-AE53B637BA30}.Release|Any CPU.ActiveCfg = Release|Any CPU
		{82BDD8A3-25CC-46C7-BBC9-AE53B637BA30}.Release|Any CPU.Build.0 = Release|Any CPU
	EndGlobalSection
	GlobalSection(SolutionProperties) = preSolution
		HideSolutionNode = FALSE
	EndGlobalSection
	GlobalSection(ExtensibilityGlobals) = postSolution
		SolutionGuid = {90519AA8-F0A8-4AFD-BACC-27D0556331E5}
	EndGlobalSection
EndGlobal
